// !$*UTF8*$!
{
	archiveVersion = 1;
	classes = {
	};
	objectVersion = 56;
	objects = {

/* Begin PBXBuildFile section */
		55490D7B2A985B2D003E0810 /* Localizable.strings in Resources */ = {isa = PBXBuildFile; fileRef = 55490D7D2A985B2D003E0810 /* Localizable.strings */; };
		55490D7F2A985BC3003E0810 /* String+Extension.swift in Sources */ = {isa = PBXBuildFile; fileRef = 55490D7E2A985BC3003E0810 /* String+Extension.swift */; };
		55490D842A9BBFE1003E0810 /* UnitTableViewCell.swift in Sources */ = {isa = PBXBuildFile; fileRef = 55490D832A9BBFE1003E0810 /* UnitTableViewCell.swift */; };
		55490D882A9BC0BC003E0810 /* BottomContentViewController.swift in Sources */ = {isa = PBXBuildFile; fileRef = 55490D872A9BC0BC003E0810 /* BottomContentViewController.swift */; };
		55490D8A2A9BFF05003E0810 /* RestrictedTableView.swift in Sources */ = {isa = PBXBuildFile; fileRef = 55490D892A9BFF05003E0810 /* RestrictedTableView.swift */; };
		55490D8C2A9C0218003E0810 /* DatabaseService.swift in Sources */ = {isa = PBXBuildFile; fileRef = 55490D8B2A9C0218003E0810 /* DatabaseService.swift */; };
		55490D8F2A9D2BC3003E0810 /* LocationService.swift in Sources */ = {isa = PBXBuildFile; fileRef = 55490D8E2A9D2BC3003E0810 /* LocationService.swift */; };
		55490D912AA8F5DD003E0810 /* CTCResourceGuide.pdf in Resources */ = {isa = PBXBuildFile; fileRef = 55490D902AA8F5DD003E0810 /* CTCResourceGuide.pdf */; };
		55490D932AA8F61B003E0810 /* PDFViewController.swift in Sources */ = {isa = PBXBuildFile; fileRef = 55490D922AA8F61B003E0810 /* PDFViewController.swift */; };
		5563B6E82A7834E300943018 /* ProgressViewController.swift in Sources */ = {isa = PBXBuildFile; fileRef = 5563B6E72A7834E300943018 /* ProgressViewController.swift */; };
		5563B70C2A78682800943018 /* BottomDetailViewController.swift in Sources */ = {isa = PBXBuildFile; fileRef = 5563B70B2A78682800943018 /* BottomDetailViewController.swift */; };
		559847402A6F4AD200256C2A /* FAQsViewController.swift in Sources */ = {isa = PBXBuildFile; fileRef = 5598473F2A6F4AD200256C2A /* FAQsViewController.swift */; };
		559847422A6F717600256C2A /* font in Resources */ = {isa = PBXBuildFile; fileRef = 559847412A6F717600256C2A /* font */; };
		559847442A75E37500256C2A /* Network.swift in Sources */ = {isa = PBXBuildFile; fileRef = 559847432A75E37500256C2A /* Network.swift */; };
		559D9EDB2A89966700433942 /* TutorialViewController.swift in Sources */ = {isa = PBXBuildFile; fileRef = 559D9EDA2A89966700433942 /* TutorialViewController.swift */; };
		559D9EDD2A89B86C00433942 /* NewAnnotation.swift in Sources */ = {isa = PBXBuildFile; fileRef = 559D9EDC2A89B86C00433942 /* NewAnnotation.swift */; };
		559D9EE12A92C50400433942 /* WelcomeViewController.swift in Sources */ = {isa = PBXBuildFile; fileRef = 559D9EE02A92C50400433942 /* WelcomeViewController.swift */; };
		559D9EE32A93D6C200433942 /* UIImage+Extension.swift in Sources */ = {isa = PBXBuildFile; fileRef = 559D9EE22A93D6C200433942 /* UIImage+Extension.swift */; };
		55F1D9402A48B01800D58DF3 /* AppDelegate.swift in Sources */ = {isa = PBXBuildFile; fileRef = 55F1D93F2A48B01800D58DF3 /* AppDelegate.swift */; };
		55F1D9442A48B01800D58DF3 /* MainViewController.swift in Sources */ = {isa = PBXBuildFile; fileRef = 55F1D9432A48B01800D58DF3 /* MainViewController.swift */; };
		55F1D9472A48B01900D58DF3 /* Main.storyboard in Resources */ = {isa = PBXBuildFile; fileRef = 55F1D9452A48B01900D58DF3 /* Main.storyboard */; };
		55F1D9492A48B01C00D58DF3 /* Assets.xcassets in Resources */ = {isa = PBXBuildFile; fileRef = 55F1D9482A48B01C00D58DF3 /* Assets.xcassets */; };
		55F1D94C2A48B01C00D58DF3 /* LaunchScreen.storyboard in Resources */ = {isa = PBXBuildFile; fileRef = 55F1D94A2A48B01C00D58DF3 /* LaunchScreen.storyboard */; };
		55F261FF2A68AC70008F8CD0 /* FirebaseAuth in Frameworks */ = {isa = PBXBuildFile; productRef = 55F261FE2A68AC70008F8CD0 /* FirebaseAuth */; };
		55F262012A68AC70008F8CD0 /* FirebaseDatabase in Frameworks */ = {isa = PBXBuildFile; productRef = 55F262002A68AC70008F8CD0 /* FirebaseDatabase */; };
		55F262032A68AC70008F8CD0 /* FirebaseDatabaseSwift in Frameworks */ = {isa = PBXBuildFile; productRef = 55F262022A68AC70008F8CD0 /* FirebaseDatabaseSwift */; };
		55F2620B2A68C701008F8CD0 /* HealthUnit.swift in Sources */ = {isa = PBXBuildFile; fileRef = 55F2620A2A68C701008F8CD0 /* HealthUnit.swift */; };
		55F2620D2A68C716008F8CD0 /* DetailViewController.swift in Sources */ = {isa = PBXBuildFile; fileRef = 55F2620C2A68C716008F8CD0 /* DetailViewController.swift */; };
		55F2620F2A68CA80008F8CD0 /* GoogleService-Info.plist in Resources */ = {isa = PBXBuildFile; fileRef = 55F2620E2A68CA80008F8CD0 /* GoogleService-Info.plist */; };
		64AF085D2AB023A900970653 /* CenterAlignedCollectionViewFlowLayout.swift in Sources */ = {isa = PBXBuildFile; fileRef = 64AF085C2AB023A800970653 /* CenterAlignedCollectionViewFlowLayout.swift */; };
		64BEB7C72A626C9800191CD3 /* BottomSheetContainerViewController.swift in Sources */ = {isa = PBXBuildFile; fileRef = 64BEB7C62A626C9800191CD3 /* BottomSheetContainerViewController.swift */; };
		64BEB7CB2A62840C00191CD3 /* ContainerViewController.swift in Sources */ = {isa = PBXBuildFile; fileRef = 64BEB7CA2A62840C00191CD3 /* ContainerViewController.swift */; };
		64BEB7D12A62964E00191CD3 /* SceneDelegate.swift in Sources */ = {isa = PBXBuildFile; fileRef = 64BEB7D02A62964E00191CD3 /* SceneDelegate.swift */; };
/* End PBXBuildFile section */

/* Begin PBXFileReference section */
		55490D6F2A98585C003E0810 /* Base */ = {isa = PBXFileReference; lastKnownFileType = file.storyboard; name = Base; path = Base.lproj/Main.storyboard; sourceTree = "<group>"; };
		55490D702A98585C003E0810 /* Base */ = {isa = PBXFileReference; lastKnownFileType = file.storyboard; name = Base; path = Base.lproj/LaunchScreen.storyboard; sourceTree = "<group>"; };
		55490D7C2A985B2D003E0810 /* en */ = {isa = PBXFileReference; lastKnownFileType = text.plist.strings; name = en; path = en.lproj/Localizable.strings; sourceTree = "<group>"; };
		55490D7E2A985BC3003E0810 /* String+Extension.swift */ = {isa = PBXFileReference; lastKnownFileType = sourcecode.swift; path = "String+Extension.swift"; sourceTree = "<group>"; };
		55490D802A985CEA003E0810 /* es */ = {isa = PBXFileReference; lastKnownFileType = text.plist.strings; name = es; path = es.lproj/Main.strings; sourceTree = "<group>"; };
		55490D812A985CEA003E0810 /* es */ = {isa = PBXFileReference; lastKnownFileType = text.plist.strings; name = es; path = es.lproj/LaunchScreen.strings; sourceTree = "<group>"; };
		55490D822A985CEA003E0810 /* es */ = {isa = PBXFileReference; lastKnownFileType = text.plist.strings; name = es; path = es.lproj/Localizable.strings; sourceTree = "<group>"; };
		55490D832A9BBFE1003E0810 /* UnitTableViewCell.swift */ = {isa = PBXFileReference; fileEncoding = 4; lastKnownFileType = sourcecode.swift; path = UnitTableViewCell.swift; sourceTree = "<group>"; };
		55490D872A9BC0BC003E0810 /* BottomContentViewController.swift */ = {isa = PBXFileReference; fileEncoding = 4; lastKnownFileType = sourcecode.swift; path = BottomContentViewController.swift; sourceTree = "<group>"; };
		55490D892A9BFF05003E0810 /* RestrictedTableView.swift */ = {isa = PBXFileReference; lastKnownFileType = sourcecode.swift; path = RestrictedTableView.swift; sourceTree = "<group>"; };
		55490D8B2A9C0218003E0810 /* DatabaseService.swift */ = {isa = PBXFileReference; lastKnownFileType = sourcecode.swift; path = DatabaseService.swift; sourceTree = "<group>"; };
		55490D8E2A9D2BC3003E0810 /* LocationService.swift */ = {isa = PBXFileReference; lastKnownFileType = sourcecode.swift; path = LocationService.swift; sourceTree = "<group>"; };
		55490D902AA8F5DD003E0810 /* CTCResourceGuide.pdf */ = {isa = PBXFileReference; lastKnownFileType = image.pdf; path = CTCResourceGuide.pdf; sourceTree = "<group>"; };
		55490D922AA8F61B003E0810 /* PDFViewController.swift */ = {isa = PBXFileReference; lastKnownFileType = sourcecode.swift; path = PDFViewController.swift; sourceTree = "<group>"; };
		5563B6E72A7834E300943018 /* ProgressViewController.swift */ = {isa = PBXFileReference; lastKnownFileType = sourcecode.swift; path = ProgressViewController.swift; sourceTree = "<group>"; };
		5563B70B2A78682800943018 /* BottomDetailViewController.swift */ = {isa = PBXFileReference; lastKnownFileType = sourcecode.swift; path = BottomDetailViewController.swift; sourceTree = "<group>"; };
		5598473F2A6F4AD200256C2A /* FAQsViewController.swift */ = {isa = PBXFileReference; fileEncoding = 4; lastKnownFileType = sourcecode.swift; path = FAQsViewController.swift; sourceTree = "<group>"; };
		559847412A6F717600256C2A /* font */ = {isa = PBXFileReference; lastKnownFileType = folder; path = font; sourceTree = "<group>"; };
		559847432A75E37500256C2A /* Network.swift */ = {isa = PBXFileReference; lastKnownFileType = sourcecode.swift; path = Network.swift; sourceTree = "<group>"; };
		559D9EDA2A89966700433942 /* TutorialViewController.swift */ = {isa = PBXFileReference; lastKnownFileType = sourcecode.swift; path = TutorialViewController.swift; sourceTree = "<group>"; };
		559D9EDC2A89B86C00433942 /* NewAnnotation.swift */ = {isa = PBXFileReference; lastKnownFileType = sourcecode.swift; path = NewAnnotation.swift; sourceTree = "<group>"; };
		559D9EE02A92C50400433942 /* WelcomeViewController.swift */ = {isa = PBXFileReference; lastKnownFileType = sourcecode.swift; path = WelcomeViewController.swift; sourceTree = "<group>"; };
		559D9EE22A93D6C200433942 /* UIImage+Extension.swift */ = {isa = PBXFileReference; lastKnownFileType = sourcecode.swift; path = "UIImage+Extension.swift"; sourceTree = "<group>"; };
		55F1D93C2A48B01800D58DF3 /* MobileHealthApp.app */ = {isa = PBXFileReference; explicitFileType = wrapper.application; includeInIndex = 0; path = MobileHealthApp.app; sourceTree = BUILT_PRODUCTS_DIR; };
		55F1D93F2A48B01800D58DF3 /* AppDelegate.swift */ = {isa = PBXFileReference; lastKnownFileType = sourcecode.swift; path = AppDelegate.swift; sourceTree = "<group>"; };
		55F1D9432A48B01800D58DF3 /* MainViewController.swift */ = {isa = PBXFileReference; lastKnownFileType = sourcecode.swift; path = MainViewController.swift; sourceTree = "<group>"; };
		55F1D9482A48B01C00D58DF3 /* Assets.xcassets */ = {isa = PBXFileReference; lastKnownFileType = folder.assetcatalog; path = Assets.xcassets; sourceTree = "<group>"; };
		55F1D94D2A48B01C00D58DF3 /* Info.plist */ = {isa = PBXFileReference; lastKnownFileType = text.plist.xml; path = Info.plist; sourceTree = "<group>"; };
		55F2620A2A68C701008F8CD0 /* HealthUnit.swift */ = {isa = PBXFileReference; fileEncoding = 4; lastKnownFileType = sourcecode.swift; path = HealthUnit.swift; sourceTree = "<group>"; };
		55F2620C2A68C716008F8CD0 /* DetailViewController.swift */ = {isa = PBXFileReference; fileEncoding = 4; lastKnownFileType = sourcecode.swift; path = DetailViewController.swift; sourceTree = "<group>"; };
		55F2620E2A68CA80008F8CD0 /* GoogleService-Info.plist */ = {isa = PBXFileReference; fileEncoding = 4; lastKnownFileType = text.plist.xml; path = "GoogleService-Info.plist"; sourceTree = "<group>"; };
		64AF085C2AB023A800970653 /* CenterAlignedCollectionViewFlowLayout.swift */ = {isa = PBXFileReference; lastKnownFileType = sourcecode.swift; path = CenterAlignedCollectionViewFlowLayout.swift; sourceTree = "<group>"; };
		64BEB7C62A626C9800191CD3 /* BottomSheetContainerViewController.swift */ = {isa = PBXFileReference; lastKnownFileType = sourcecode.swift; path = BottomSheetContainerViewController.swift; sourceTree = "<group>"; };
		64BEB7CA2A62840C00191CD3 /* ContainerViewController.swift */ = {isa = PBXFileReference; lastKnownFileType = sourcecode.swift; path = ContainerViewController.swift; sourceTree = "<group>"; };
		64BEB7D02A62964E00191CD3 /* SceneDelegate.swift */ = {isa = PBXFileReference; fileEncoding = 4; lastKnownFileType = sourcecode.swift; path = SceneDelegate.swift; sourceTree = "<group>"; };
/* End PBXFileReference section */

/* Begin PBXFrameworksBuildPhase section */
		55F1D9392A48B01800D58DF3 /* Frameworks */ = {
			isa = PBXFrameworksBuildPhase;
			buildActionMask = 2147483647;
			files = (
				55F262032A68AC70008F8CD0 /* FirebaseDatabaseSwift in Frameworks */,
				55F262012A68AC70008F8CD0 /* FirebaseDatabase in Frameworks */,
				55F261FF2A68AC70008F8CD0 /* FirebaseAuth in Frameworks */,
			);
			runOnlyForDeploymentPostprocessing = 0;
		};
/* End PBXFrameworksBuildPhase section */

/* Begin PBXGroup section */
		55490D8D2A9C023E003E0810 /* Services */ = {
			isa = PBXGroup;
			children = (
				55490D8B2A9C0218003E0810 /* DatabaseService.swift */,
				559D9EDC2A89B86C00433942 /* NewAnnotation.swift */,
				559847432A75E37500256C2A /* Network.swift */,
				55F2620A2A68C701008F8CD0 /* HealthUnit.swift */,
				55490D8E2A9D2BC3003E0810 /* LocationService.swift */,
			);
			path = Services;
			sourceTree = "<group>";
		};
		559D9EE52A93D72400433942 /* Extensions */ = {
			isa = PBXGroup;
			children = (
				559D9EE22A93D6C200433942 /* UIImage+Extension.swift */,
				55490D7E2A985BC3003E0810 /* String+Extension.swift */,
			);
			path = Extensions;
			sourceTree = "<group>";
		};
		559D9EE62A93D76000433942 /* ViewControllers */ = {
			isa = PBXGroup;
			children = (
				55F1D9432A48B01800D58DF3 /* MainViewController.swift */,
				64BEB7CA2A62840C00191CD3 /* ContainerViewController.swift */,
				64BEB7C62A626C9800191CD3 /* BottomSheetContainerViewController.swift */,
				55490D872A9BC0BC003E0810 /* BottomContentViewController.swift */,
				55F2620C2A68C716008F8CD0 /* DetailViewController.swift */,
				5598473F2A6F4AD200256C2A /* FAQsViewController.swift */,
				559D9EE02A92C50400433942 /* WelcomeViewController.swift */,
				5563B6E72A7834E300943018 /* ProgressViewController.swift */,
				5563B70B2A78682800943018 /* BottomDetailViewController.swift */,
				559D9EDA2A89966700433942 /* TutorialViewController.swift */,
				55490D922AA8F61B003E0810 /* PDFViewController.swift */,
			);
			path = ViewControllers;
			sourceTree = "<group>";
		};
		55F1D9332A48B01800D58DF3 = {
			isa = PBXGroup;
			children = (
				55F1D93E2A48B01800D58DF3 /* MobileHealthApp */,
				55F1D93D2A48B01800D58DF3 /* Products */,
			);
			sourceTree = "<group>";
		};
		55F1D93D2A48B01800D58DF3 /* Products */ = {
			isa = PBXGroup;
			children = (
				55F1D93C2A48B01800D58DF3 /* MobileHealthApp.app */,
			);
			name = Products;
			sourceTree = "<group>";
		};
		55F1D93E2A48B01800D58DF3 /* MobileHealthApp */ = {
			isa = PBXGroup;
			children = (
				55F1D93F2A48B01800D58DF3 /* AppDelegate.swift */,
				55490D8D2A9C023E003E0810 /* Services */,
				559D9EE62A93D76000433942 /* ViewControllers */,
				55490D832A9BBFE1003E0810 /* UnitTableViewCell.swift */,
				64AF085C2AB023A800970653 /* CenterAlignedCollectionViewFlowLayout.swift */,
				64BEB7D02A62964E00191CD3 /* SceneDelegate.swift */,
				55F1D9452A48B01900D58DF3 /* Main.storyboard */,
				55F1D9482A48B01C00D58DF3 /* Assets.xcassets */,
				55490D902AA8F5DD003E0810 /* CTCResourceGuide.pdf */,
				55F1D94A2A48B01C00D58DF3 /* LaunchScreen.storyboard */,
				559847412A6F717600256C2A /* font */,
				55F2620E2A68CA80008F8CD0 /* GoogleService-Info.plist */,
				55F1D94D2A48B01C00D58DF3 /* Info.plist */,
				559D9EE52A93D72400433942 /* Extensions */,
				55490D7D2A985B2D003E0810 /* Localizable.strings */,
				55490D892A9BFF05003E0810 /* RestrictedTableView.swift */,
			);
			path = MobileHealthApp;
			sourceTree = "<group>";
		};
/* End PBXGroup section */

/* Begin PBXNativeTarget section */
		55F1D93B2A48B01800D58DF3 /* MobileHealthApp */ = {
			isa = PBXNativeTarget;
			buildConfigurationList = 55F1D9502A48B01C00D58DF3 /* Build configuration list for PBXNativeTarget "MobileHealthApp" */;
			buildPhases = (
				55F1D9382A48B01800D58DF3 /* Sources */,
				55F1D9392A48B01800D58DF3 /* Frameworks */,
				55F1D93A2A48B01800D58DF3 /* Resources */,
			);
			buildRules = (
			);
			dependencies = (
			);
			name = MobileHealthApp;
			packageProductDependencies = (
				55F261FE2A68AC70008F8CD0 /* FirebaseAuth */,
				55F262002A68AC70008F8CD0 /* FirebaseDatabase */,
				55F262022A68AC70008F8CD0 /* FirebaseDatabaseSwift */,
			);
			productName = MobileHealthApp;
			productReference = 55F1D93C2A48B01800D58DF3 /* MobileHealthApp.app */;
			productType = "com.apple.product-type.application";
		};
/* End PBXNativeTarget section */

/* Begin PBXProject section */
		55F1D9342A48B01800D58DF3 /* Project object */ = {
			isa = PBXProject;
			attributes = {
				BuildIndependentTargetsInParallel = 1;
				LastSwiftUpdateCheck = 1430;
				LastUpgradeCheck = 1430;
				TargetAttributes = {
					55F1D93B2A48B01800D58DF3 = {
						CreatedOnToolsVersion = 14.3.1;
					};
				};
			};
			buildConfigurationList = 55F1D9372A48B01800D58DF3 /* Build configuration list for PBXProject "MobileHealthApp" */;
			compatibilityVersion = "Xcode 14.0";
			developmentRegion = en;
			hasScannedForEncodings = 0;
			knownRegions = (
				en,
				Base,
				es,
			);
			mainGroup = 55F1D9332A48B01800D58DF3;
			packageReferences = (
				55F261FD2A68AC70008F8CD0 /* XCRemoteSwiftPackageReference "firebase-ios-sdk" */,
			);
			productRefGroup = 55F1D93D2A48B01800D58DF3 /* Products */;
			projectDirPath = "";
			projectRoot = "";
			targets = (
				55F1D93B2A48B01800D58DF3 /* MobileHealthApp */,
			);
		};
/* End PBXProject section */

/* Begin PBXResourcesBuildPhase section */
		55F1D93A2A48B01800D58DF3 /* Resources */ = {
			isa = PBXResourcesBuildPhase;
			buildActionMask = 2147483647;
			files = (
				55F1D94C2A48B01C00D58DF3 /* LaunchScreen.storyboard in Resources */,
				55490D7B2A985B2D003E0810 /* Localizable.strings in Resources */,
				55F2620F2A68CA80008F8CD0 /* GoogleService-Info.plist in Resources */,
				55490D912AA8F5DD003E0810 /* CTCResourceGuide.pdf in Resources */,
				559847422A6F717600256C2A /* font in Resources */,
				55F1D9492A48B01C00D58DF3 /* Assets.xcassets in Resources */,
				55F1D9472A48B01900D58DF3 /* Main.storyboard in Resources */,
			);
			runOnlyForDeploymentPostprocessing = 0;
		};
/* End PBXResourcesBuildPhase section */

/* Begin PBXSourcesBuildPhase section */
		55F1D9382A48B01800D58DF3 /* Sources */ = {
			isa = PBXSourcesBuildPhase;
			buildActionMask = 2147483647;
			files = (
				559847442A75E37500256C2A /* Network.swift in Sources */,
				55490D932AA8F61B003E0810 /* PDFViewController.swift in Sources */,
				55F2620D2A68C716008F8CD0 /* DetailViewController.swift in Sources */,
				55490D8A2A9BFF05003E0810 /* RestrictedTableView.swift in Sources */,
				55F1D9442A48B01800D58DF3 /* MainViewController.swift in Sources */,
				559D9EDD2A89B86C00433942 /* NewAnnotation.swift in Sources */,
				5563B6E82A7834E300943018 /* ProgressViewController.swift in Sources */,
				55490D8C2A9C0218003E0810 /* DatabaseService.swift in Sources */,
				55490D8F2A9D2BC3003E0810 /* LocationService.swift in Sources */,
				5563B70C2A78682800943018 /* BottomDetailViewController.swift in Sources */,
				559D9EE12A92C50400433942 /* WelcomeViewController.swift in Sources */,
				55F1D9402A48B01800D58DF3 /* AppDelegate.swift in Sources */,
				55490D7F2A985BC3003E0810 /* String+Extension.swift in Sources */,
				559D9EDB2A89966700433942 /* TutorialViewController.swift in Sources */,
				55490D842A9BBFE1003E0810 /* UnitTableViewCell.swift in Sources */,
				559847402A6F4AD200256C2A /* FAQsViewController.swift in Sources */,
				559D9EE32A93D6C200433942 /* UIImage+Extension.swift in Sources */,
				55490D882A9BC0BC003E0810 /* BottomContentViewController.swift in Sources */,
				64BEB7C72A626C9800191CD3 /* BottomSheetContainerViewController.swift in Sources */,
				64AF085D2AB023A900970653 /* CenterAlignedCollectionViewFlowLayout.swift in Sources */,
				64BEB7CB2A62840C00191CD3 /* ContainerViewController.swift in Sources */,
				64BEB7D12A62964E00191CD3 /* SceneDelegate.swift in Sources */,
				55F2620B2A68C701008F8CD0 /* HealthUnit.swift in Sources */,
			);
			runOnlyForDeploymentPostprocessing = 0;
		};
/* End PBXSourcesBuildPhase section */

/* Begin PBXVariantGroup section */
		55490D7D2A985B2D003E0810 /* Localizable.strings */ = {
			isa = PBXVariantGroup;
			children = (
				55490D7C2A985B2D003E0810 /* en */,
				55490D822A985CEA003E0810 /* es */,
			);
			name = Localizable.strings;
			sourceTree = "<group>";
		};
		55F1D9452A48B01900D58DF3 /* Main.storyboard */ = {
			isa = PBXVariantGroup;
			children = (
				55490D6F2A98585C003E0810 /* Base */,
				55490D802A985CEA003E0810 /* es */,
			);
			name = Main.storyboard;
			sourceTree = "<group>";
		};
		55F1D94A2A48B01C00D58DF3 /* LaunchScreen.storyboard */ = {
			isa = PBXVariantGroup;
			children = (
				55490D702A98585C003E0810 /* Base */,
				55490D812A985CEA003E0810 /* es */,
			);
			name = LaunchScreen.storyboard;
			sourceTree = "<group>";
		};
/* End PBXVariantGroup section */

/* Begin XCBuildConfiguration section */
		55F1D94E2A48B01C00D58DF3 /* Debug */ = {
			isa = XCBuildConfiguration;
			buildSettings = {
				ALWAYS_SEARCH_USER_PATHS = NO;
				CLANG_ANALYZER_LOCALIZABILITY_NONLOCALIZED = YES;
				CLANG_ANALYZER_NONNULL = YES;
				CLANG_ANALYZER_NUMBER_OBJECT_CONVERSION = YES_AGGRESSIVE;
				CLANG_CXX_LANGUAGE_STANDARD = "gnu++20";
				CLANG_ENABLE_MODULES = YES;
				CLANG_ENABLE_OBJC_ARC = YES;
				CLANG_ENABLE_OBJC_WEAK = YES;
				CLANG_WARN_BLOCK_CAPTURE_AUTORELEASING = YES;
				CLANG_WARN_BOOL_CONVERSION = YES;
				CLANG_WARN_COMMA = YES;
				CLANG_WARN_CONSTANT_CONVERSION = YES;
				CLANG_WARN_DEPRECATED_OBJC_IMPLEMENTATIONS = YES;
				CLANG_WARN_DIRECT_OBJC_ISA_USAGE = YES_ERROR;
				CLANG_WARN_DOCUMENTATION_COMMENTS = YES;
				CLANG_WARN_EMPTY_BODY = YES;
				CLANG_WARN_ENUM_CONVERSION = YES;
				CLANG_WARN_INFINITE_RECURSION = YES;
				CLANG_WARN_INT_CONVERSION = YES;
				CLANG_WARN_NON_LITERAL_NULL_CONVERSION = YES;
				CLANG_WARN_OBJC_IMPLICIT_RETAIN_SELF = YES;
				CLANG_WARN_OBJC_LITERAL_CONVERSION = YES;
				CLANG_WARN_OBJC_ROOT_CLASS = YES_ERROR;
				CLANG_WARN_QUOTED_INCLUDE_IN_FRAMEWORK_HEADER = YES;
				CLANG_WARN_RANGE_LOOP_ANALYSIS = YES;
				CLANG_WARN_STRICT_PROTOTYPES = YES;
				CLANG_WARN_SUSPICIOUS_MOVE = YES;
				CLANG_WARN_UNGUARDED_AVAILABILITY = YES_AGGRESSIVE;
				CLANG_WARN_UNREACHABLE_CODE = YES;
				CLANG_WARN__DUPLICATE_METHOD_MATCH = YES;
				COPY_PHASE_STRIP = NO;
				DEBUG_INFORMATION_FORMAT = dwarf;
				ENABLE_STRICT_OBJC_MSGSEND = YES;
				ENABLE_TESTABILITY = YES;
				GCC_C_LANGUAGE_STANDARD = gnu11;
				GCC_DYNAMIC_NO_PIC = NO;
				GCC_NO_COMMON_BLOCKS = YES;
				GCC_OPTIMIZATION_LEVEL = 0;
				GCC_PREPROCESSOR_DEFINITIONS = (
					"DEBUG=1",
					"$(inherited)",
				);
				GCC_WARN_64_TO_32_BIT_CONVERSION = YES;
				GCC_WARN_ABOUT_RETURN_TYPE = YES_ERROR;
				GCC_WARN_UNDECLARED_SELECTOR = YES;
				GCC_WARN_UNINITIALIZED_AUTOS = YES_AGGRESSIVE;
				GCC_WARN_UNUSED_FUNCTION = YES;
				GCC_WARN_UNUSED_VARIABLE = YES;
				IPHONEOS_DEPLOYMENT_TARGET = 16.4;
				MTL_ENABLE_DEBUG_INFO = INCLUDE_SOURCE;
				MTL_FAST_MATH = YES;
				ONLY_ACTIVE_ARCH = YES;
				SDKROOT = iphoneos;
				SWIFT_ACTIVE_COMPILATION_CONDITIONS = DEBUG;
				SWIFT_OPTIMIZATION_LEVEL = "-Onone";
			};
			name = Debug;
		};
		55F1D94F2A48B01C00D58DF3 /* Release */ = {
			isa = XCBuildConfiguration;
			buildSettings = {
				ALWAYS_SEARCH_USER_PATHS = NO;
				CLANG_ANALYZER_LOCALIZABILITY_NONLOCALIZED = YES;
				CLANG_ANALYZER_NONNULL = YES;
				CLANG_ANALYZER_NUMBER_OBJECT_CONVERSION = YES_AGGRESSIVE;
				CLANG_CXX_LANGUAGE_STANDARD = "gnu++20";
				CLANG_ENABLE_MODULES = YES;
				CLANG_ENABLE_OBJC_ARC = YES;
				CLANG_ENABLE_OBJC_WEAK = YES;
				CLANG_WARN_BLOCK_CAPTURE_AUTORELEASING = YES;
				CLANG_WARN_BOOL_CONVERSION = YES;
				CLANG_WARN_COMMA = YES;
				CLANG_WARN_CONSTANT_CONVERSION = YES;
				CLANG_WARN_DEPRECATED_OBJC_IMPLEMENTATIONS = YES;
				CLANG_WARN_DIRECT_OBJC_ISA_USAGE = YES_ERROR;
				CLANG_WARN_DOCUMENTATION_COMMENTS = YES;
				CLANG_WARN_EMPTY_BODY = YES;
				CLANG_WARN_ENUM_CONVERSION = YES;
				CLANG_WARN_INFINITE_RECURSION = YES;
				CLANG_WARN_INT_CONVERSION = YES;
				CLANG_WARN_NON_LITERAL_NULL_CONVERSION = YES;
				CLANG_WARN_OBJC_IMPLICIT_RETAIN_SELF = YES;
				CLANG_WARN_OBJC_LITERAL_CONVERSION = YES;
				CLANG_WARN_OBJC_ROOT_CLASS = YES_ERROR;
				CLANG_WARN_QUOTED_INCLUDE_IN_FRAMEWORK_HEADER = YES;
				CLANG_WARN_RANGE_LOOP_ANALYSIS = YES;
				CLANG_WARN_STRICT_PROTOTYPES = YES;
				CLANG_WARN_SUSPICIOUS_MOVE = YES;
				CLANG_WARN_UNGUARDED_AVAILABILITY = YES_AGGRESSIVE;
				CLANG_WARN_UNREACHABLE_CODE = YES;
				CLANG_WARN__DUPLICATE_METHOD_MATCH = YES;
				COPY_PHASE_STRIP = NO;
				DEBUG_INFORMATION_FORMAT = "dwarf-with-dsym";
				ENABLE_NS_ASSERTIONS = NO;
				ENABLE_STRICT_OBJC_MSGSEND = YES;
				GCC_C_LANGUAGE_STANDARD = gnu11;
				GCC_NO_COMMON_BLOCKS = YES;
				GCC_WARN_64_TO_32_BIT_CONVERSION = YES;
				GCC_WARN_ABOUT_RETURN_TYPE = YES_ERROR;
				GCC_WARN_UNDECLARED_SELECTOR = YES;
				GCC_WARN_UNINITIALIZED_AUTOS = YES_AGGRESSIVE;
				GCC_WARN_UNUSED_FUNCTION = YES;
				GCC_WARN_UNUSED_VARIABLE = YES;
				IPHONEOS_DEPLOYMENT_TARGET = 16.4;
				MTL_ENABLE_DEBUG_INFO = NO;
				MTL_FAST_MATH = YES;
				SDKROOT = iphoneos;
				SWIFT_COMPILATION_MODE = wholemodule;
				SWIFT_OPTIMIZATION_LEVEL = "-O";
				VALIDATE_PRODUCT = YES;
			};
			name = Release;
		};
		55F1D9512A48B01C00D58DF3 /* Debug */ = {
			isa = XCBuildConfiguration;
			buildSettings = {
				ASSETCATALOG_COMPILER_APPICON_NAME = AppIcon;
				ASSETCATALOG_COMPILER_GLOBAL_ACCENT_COLOR_NAME = AccentColor;
				CODE_SIGN_STYLE = Automatic;
				CURRENT_PROJECT_VERSION = 1;
				DEVELOPMENT_TEAM = 8QM2CUZSC2;
				GENERATE_INFOPLIST_FILE = YES;
				INFOPLIST_FILE = MobileHealthApp/Info.plist;
				INFOPLIST_KEY_NSLocationAlwaysAndWhenInUseUsageDescription = "MobileHealth needs to access your location even when you're not using the app, so we can notify you about mobile health units in your vicinity. Your location data is only used for this purpose.";
				INFOPLIST_KEY_NSLocationWhenInUseUsageDescription = "MobileHealth needs to access your location to provide you with accurate information about the mobile health units nearby. We only access your location when you're using the app.";
				INFOPLIST_KEY_UIApplicationSupportsIndirectInputEvents = YES;
				INFOPLIST_KEY_UILaunchStoryboardName = LaunchScreen;
				INFOPLIST_KEY_UIMainStoryboardFile = Main;
				INFOPLIST_KEY_UISupportedInterfaceOrientations = UIInterfaceOrientationPortrait;
				LD_RUNPATH_SEARCH_PATHS = (
					"$(inherited)",
					"@executable_path/Frameworks",
				);
				MARKETING_VERSION = 1.0;
				PRODUCT_BUNDLE_IDENTIFIER = pvta.MobileHealthApp;
				PRODUCT_NAME = "$(TARGET_NAME)";
				SWIFT_EMIT_LOC_STRINGS = YES;
				SWIFT_VERSION = 5.0;
				TARGETED_DEVICE_FAMILY = "1,2";
			};
			name = Debug;
		};
		55F1D9522A48B01C00D58DF3 /* Release */ = {
			isa = XCBuildConfiguration;
			buildSettings = {
				ASSETCATALOG_COMPILER_APPICON_NAME = AppIcon;
				ASSETCATALOG_COMPILER_GLOBAL_ACCENT_COLOR_NAME = AccentColor;
				CODE_SIGN_STYLE = Automatic;
				CURRENT_PROJECT_VERSION = 1;
				DEVELOPMENT_TEAM = 8QM2CUZSC2;
				GENERATE_INFOPLIST_FILE = YES;
				INFOPLIST_FILE = MobileHealthApp/Info.plist;
				INFOPLIST_KEY_NSLocationAlwaysAndWhenInUseUsageDescription = "MobileHealth needs to access your location even when you're not using the app, so we can notify you about mobile health units in your vicinity. Your location data is only used for this purpose.";
				INFOPLIST_KEY_NSLocationWhenInUseUsageDescription = "MobileHealth needs to access your location to provide you with accurate information about the mobile health units nearby. We only access your location when you're using the app.";
				INFOPLIST_KEY_UIApplicationSupportsIndirectInputEvents = YES;
				INFOPLIST_KEY_UILaunchStoryboardName = LaunchScreen;
				INFOPLIST_KEY_UIMainStoryboardFile = Main;
				INFOPLIST_KEY_UISupportedInterfaceOrientations = UIInterfaceOrientationPortrait;
				LD_RUNPATH_SEARCH_PATHS = (
					"$(inherited)",
					"@executable_path/Frameworks",
				);
				MARKETING_VERSION = 1.0;
				PRODUCT_BUNDLE_IDENTIFIER = pvta.MobileHealthApp;
				PRODUCT_NAME = "$(TARGET_NAME)";
				SWIFT_EMIT_LOC_STRINGS = YES;
				SWIFT_VERSION = 5.0;
				TARGETED_DEVICE_FAMILY = "1,2";
			};
			name = Release;
		};
/* End XCBuildConfiguration section */

/* Begin XCConfigurationList section */
		55F1D9372A48B01800D58DF3 /* Build configuration list for PBXProject "MobileHealthApp" */ = {
			isa = XCConfigurationList;
			buildConfigurations = (
				55F1D94E2A48B01C00D58DF3 /* Debug */,
				55F1D94F2A48B01C00D58DF3 /* Release */,
			);
			defaultConfigurationIsVisible = 0;
			defaultConfigurationName = Release;
		};
		55F1D9502A48B01C00D58DF3 /* Build configuration list for PBXNativeTarget "MobileHealthApp" */ = {
			isa = XCConfigurationList;
			buildConfigurations = (
				55F1D9512A48B01C00D58DF3 /* Debug */,
				55F1D9522A48B01C00D58DF3 /* Release */,
			);
			defaultConfigurationIsVisible = 0;
			defaultConfigurationName = Release;
		};
/* End XCConfigurationList section */

/* Begin XCRemoteSwiftPackageReference section */
		55F261FD2A68AC70008F8CD0 /* XCRemoteSwiftPackageReference "firebase-ios-sdk" */ = {
			isa = XCRemoteSwiftPackageReference;
			repositoryURL = "https://github.com/firebase/firebase-ios-sdk.git";
			requirement = {
				kind = upToNextMajorVersion;
				minimumVersion = 10.0.0;
			};
		};
/* End XCRemoteSwiftPackageReference section */

/* Begin XCSwiftPackageProductDependency section */
		55F261FE2A68AC70008F8CD0 /* FirebaseAuth */ = {
			isa = XCSwiftPackageProductDependency;
			package = 55F261FD2A68AC70008F8CD0 /* XCRemoteSwiftPackageReference "firebase-ios-sdk" */;
			productName = FirebaseAuth;
		};
		55F262002A68AC70008F8CD0 /* FirebaseDatabase */ = {
			isa = XCSwiftPackageProductDependency;
			package = 55F261FD2A68AC70008F8CD0 /* XCRemoteSwiftPackageReference "firebase-ios-sdk" */;
			productName = FirebaseDatabase;
		};
		55F262022A68AC70008F8CD0 /* FirebaseDatabaseSwift */ = {
			isa = XCSwiftPackageProductDependency;
			package = 55F261FD2A68AC70008F8CD0 /* XCRemoteSwiftPackageReference "firebase-ios-sdk" */;
			productName = FirebaseDatabaseSwift;
		};
/* End XCSwiftPackageProductDependency section */
	};
	rootObject = 55F1D9342A48B01800D58DF3 /* Project object */;
}
